
Microsoft Visual Studio Solution File, Format Version 12.00
# Visual Studio 15
VisualStudioVersion = 15.0.26430.6
MinimumVisualStudioVersion = 10.0.40219.1
Project("{FAE04EC0-301F-11D3-BF4B-00C04F79EFBC}") = "AdditionOfStrings", "AdditionOfStrings\AdditionOfStrings.csproj", "{0BE48D69-B190-4FCD-B2EF-CFA189F45500}"
EndProject
Project("{FAE04EC0-301F-11D3-BF4B-00C04F79EFBC}") = "AdditionOfStrings.Tests", "AdditionOfStrings.Tests\AdditionOfStrings.Tests.csproj", "{E91D8933-8EDE-4A69-A924-F51E1925E5FA}"
EndProject
Global
	GlobalSection(SolutionConfigurationPlatforms) = preSolution
		Debug|Any CPU = Debug|Any CPU
		Release|Any CPU = Release|Any CPU
	EndGlobalSection
	GlobalSection(ProjectConfigurationPlatforms) = postSolution
		{0BE48D69-B190-4FCD-B2EF-CFA189F45500}.Debug|Any CPU.ActiveCfg = Debug|Any CPU
		{0BE48D69-B190-4FCD-B2EF-CFA189F45500}.Debug|Any CPU.Build.0 = Debug|Any CPU
		{0BE48D69-B190-4FCD-B2EF-CFA189F45500}.Release|Any CPU.ActiveCfg = Release|Any CPU
		{0BE48D69-B190-4FCD-B2EF-CFA189F45500}.Release|Any CPU.Build.0 = Release|Any CPU
		{E91D8933-8EDE-4A69-A924-F51E1925E5FA}.Debug|Any CPU.ActiveCfg = Debug|Any CPU
		{E91D8933-8EDE-4A69-A924-F51E1925E5FA}.Debug|Any CPU.Build.0 = Debug|Any CPU
		{E91D8933-8EDE-4A69-A924-F51E1925E5FA}.Release|Any CPU.ActiveCfg = Release|Any CPU
		{E91D8933-8EDE-4A69-A924-F51E1925E5FA}.Release|Any CPU.Build.0 = Release|Any CPU
	EndGlobalSection
	GlobalSection(SolutionProperties) = preSolution
		HideSolutionNode = FALSE
	EndGlobalSection
EndGlobal
